
Microsoft Visual Studio Solution File, Format Version 12.00
# Visual Studio Version 17
VisualStudioVersion = 17.9.34723.18
MinimumVisualStudioVersion = 10.0.40219.1
Project("{FAE04EC0-301F-11D3-BF4B-00C04F79EFBC}") = "AHeadLib.Net", "AHeadLib.Net\AHeadLib.Net.csproj", "{146A2344-E4E2-4D8B-BBB2-6B93F7D11020}"
EndProject
Global
	GlobalSection(SolutionConfigurationPlatforms) = preSolution
		Debug|Any CPU = Debug|Any CPU
		Release|Any CPU = Release|Any CPU
	EndGlobalSection
	GlobalSection(ProjectConfigurationPlatforms) = postSolution
		{146A2344-E4E2-4D8B-BBB2-6B93F7D11020}.Debug|Any CPU.ActiveCfg = Debug|Any CPU
		{146A2344-E4E2-4D8B-BBB2-6B93F7D11020}.Debug|Any CPU.Build.0 = Debug|Any CPU
		{146A2344-E4E2-4D8B-BBB2-6B93F7D11020}.Release|Any CPU.ActiveCfg = Release|Any CPU
		{146A2344-E4E2-4D8B-BBB2-6B93F7D11020}.Release|Any CPU.Build.0 = Release|Any CPU
	EndGlobalSection
	GlobalSection(SolutionProperties) = preSolution
		HideSolutionNode = FALSE
	EndGlobalSection
	GlobalSection(ExtensibilityGlobals) = postSolution
		SolutionGuid = {E8E885D9-F64D-42F5-9B33-823C5D7DD0BC}
	EndGlobalSection
EndGlobal
